
Microsoft Visual Studio Solution File, Format Version 12.00
# Visual Studio Version 16
VisualStudioVersion = 16.0.30309.148
MinimumVisualStudioVersion = 10.0.40219.1
Project("{FAE04EC0-301F-11D3-BF4B-00C04F79EFBC}") = "monogame first project", "monogame first project.csproj", "{278E84B5-267C-41F8-B72E-D57DB6CD789A}"
EndProject
Global
	GlobalSection(SolutionConfigurationPlatforms) = preSolution
		Debug|Any CPU = Debug|Any CPU
		Release|Any CPU = Release|Any CPU
	EndGlobalSection
	GlobalSection(ProjectConfigurationPlatforms) = postSolution
		{278E84B5-267C-41F8-B72E-D57DB6CD789A}.Debug|Any CPU.ActiveCfg = Debug|Any CPU
		{278E84B5-267C-41F8-B72E-D57DB6CD789A}.Debug|Any CPU.Build.0 = Debug|Any CPU
		{278E84B5-267C-41F8-B72E-D57DB6CD789A}.Release|Any CPU.ActiveCfg = Release|Any CPU
		{278E84B5-267C-41F8-B72E-D57DB6CD789A}.Release|Any CPU.Build.0 = Release|Any CPU
	EndGlobalSection
	GlobalSection(SolutionProperties) = preSolution
		HideSolutionNode = FALSE
	EndGlobalSection
	GlobalSection(ExtensibilityGlobals) = postSolution
		SolutionGuid = {8A81D648-D2BA-4954-B56E-CE22BF61B124}
	EndGlobalSection
EndGlobal
